// !$*UTF8*$!
{
	archiveVersion = 1;
	classes = {
	};
	objectVersion = 56;
	objects = {

/* Begin PBXBuildFile section */
		ADAF46452AB2CFF2002D2AFB /* SwiftUIAnimationApp.swift in Sources */ = {isa = PBXBuildFile; fileRef = ADAF46442AB2CFF2002D2AFB /* SwiftUIAnimationApp.swift */; };
		ADAF46472AB2CFF2002D2AFB /* ContentView.swift in Sources */ = {isa = PBXBuildFile; fileRef = ADAF46462AB2CFF2002D2AFB /* ContentView.swift */; };
		ADAF46492AB2CFF3002D2AFB /* Assets.xcassets in Resources */ = {isa = PBXBuildFile; fileRef = ADAF46482AB2CFF3002D2AFB /* Assets.xcassets */; };
		ADAF464C2AB2CFF3002D2AFB /* Preview Assets.xcassets in Resources */ = {isa = PBXBuildFile; fileRef = ADAF464B2AB2CFF3002D2AFB /* Preview Assets.xcassets */; };
		ADAF46532AB309E5002D2AFB /* ScaleEffectView.swift in Sources */ = {isa = PBXBuildFile; fileRef = ADAF46522AB309E5002D2AFB /* ScaleEffectView.swift */; };
		ADAF46572AB30F68002D2AFB /* CameraView.swift in Sources */ = {isa = PBXBuildFile; fileRef = ADAF46562AB30F68002D2AFB /* CameraView.swift */; };
		ADAF46592AB31064002D2AFB /* ImagePicker.swift in Sources */ = {isa = PBXBuildFile; fileRef = ADAF46582AB31064002D2AFB /* ImagePicker.swift */; };
		ADAF465B2AB3169C002D2AFB /* PhotoCaptureView.swift in Sources */ = {isa = PBXBuildFile; fileRef = ADAF465A2AB3169C002D2AFB /* PhotoCaptureView.swift */; };
		ADAF465E2AB3194A002D2AFB /* GroceryCategory.swift in Sources */ = {isa = PBXBuildFile; fileRef = ADAF465D2AB3194A002D2AFB /* GroceryCategory.swift */; };
		ADAF46602AB31AF4002D2AFB /* GroceryCategoryView.swift in Sources */ = {isa = PBXBuildFile; fileRef = ADAF465F2AB31AF4002D2AFB /* GroceryCategoryView.swift */; };
		ADAF46622AB3345A002D2AFB /* GroceryCategoryDetailView.swift in Sources */ = {isa = PBXBuildFile; fileRef = ADAF46612AB3345A002D2AFB /* GroceryCategoryDetailView.swift */; };
/* End PBXBuildFile section */

/* Begin PBXFileReference section */
		ADAF46412AB2CFF2002D2AFB /* SwiftUIAnimation.app */ = {isa = PBXFileReference; explicitFileType = wrapper.application; includeInIndex = 0; path = SwiftUIAnimation.app; sourceTree = BUILT_PRODUCTS_DIR; };
		ADAF46442AB2CFF2002D2AFB /* SwiftUIAnimationApp.swift */ = {isa = PBXFileReference; lastKnownFileType = sourcecode.swift; path = SwiftUIAnimationApp.swift; sourceTree = "<group>"; };
		ADAF46462AB2CFF2002D2AFB /* ContentView.swift */ = {isa = PBXFileReference; lastKnownFileType = sourcecode.swift; path = ContentView.swift; sourceTree = "<group>"; };
		ADAF46482AB2CFF3002D2AFB /* Assets.xcassets */ = {isa = PBXFileReference; lastKnownFileType = folder.assetcatalog; path = Assets.xcassets; sourceTree = "<group>"; };
		ADAF464B2AB2CFF3002D2AFB /* Preview Assets.xcassets */ = {isa = PBXFileReference; lastKnownFileType = folder.assetcatalog; path = "Preview Assets.xcassets"; sourceTree = "<group>"; };
		ADAF46522AB309E5002D2AFB /* ScaleEffectView.swift */ = {isa = PBXFileReference; lastKnownFileType = sourcecode.swift; path = ScaleEffectView.swift; sourceTree = "<group>"; };
		ADAF46562AB30F68002D2AFB /* CameraView.swift */ = {isa = PBXFileReference; lastKnownFileType = sourcecode.swift; path = CameraView.swift; sourceTree = "<group>"; };
		ADAF46582AB31064002D2AFB /* ImagePicker.swift */ = {isa = PBXFileReference; lastKnownFileType = sourcecode.swift; path = ImagePicker.swift; sourceTree = "<group>"; };
		ADAF465A2AB3169C002D2AFB /* PhotoCaptureView.swift */ = {isa = PBXFileReference; lastKnownFileType = sourcecode.swift; path = PhotoCaptureView.swift; sourceTree = "<group>"; };
		ADAF465D2AB3194A002D2AFB /* GroceryCategory.swift */ = {isa = PBXFileReference; lastKnownFileType = sourcecode.swift; path = GroceryCategory.swift; sourceTree = "<group>"; };
		ADAF465F2AB31AF4002D2AFB /* GroceryCategoryView.swift */ = {isa = PBXFileReference; lastKnownFileType = sourcecode.swift; path = GroceryCategoryView.swift; sourceTree = "<group>"; };
		ADAF46612AB3345A002D2AFB /* GroceryCategoryDetailView.swift */ = {isa = PBXFileReference; lastKnownFileType = sourcecode.swift; path = GroceryCategoryDetailView.swift; sourceTree = "<group>"; };
/* End PBXFileReference section */

/* Begin PBXFrameworksBuildPhase section */
		ADAF463E2AB2CFF2002D2AFB /* Frameworks */ = {
			isa = PBXFrameworksBuildPhase;
			buildActionMask = 2147483647;
			files = (
			);
			runOnlyForDeploymentPostprocessing = 0;
		};
/* End PBXFrameworksBuildPhase section */

/* Begin PBXGroup section */
		ADAF46382AB2CFF2002D2AFB = {
			isa = PBXGroup;
			children = (
				ADAF46432AB2CFF2002D2AFB /* SwiftUIAnimation */,
				ADAF46422AB2CFF2002D2AFB /* Products */,
			);
			sourceTree = "<group>";
		};
		ADAF46422AB2CFF2002D2AFB /* Products */ = {
			isa = PBXGroup;
			children = (
				ADAF46412AB2CFF2002D2AFB /* SwiftUIAnimation.app */,
			);
			name = Products;
			sourceTree = "<group>";
		};
		ADAF46432AB2CFF2002D2AFB /* SwiftUIAnimation */ = {
			isa = PBXGroup;
			children = (
				ADAF465C2AB31924002D2AFB /* GroupData */,
				ADAF46552AB30F4E002D2AFB /* Camera */,
				ADAF46542AB30F44002D2AFB /* Animation */,
				ADAF46462AB2CFF2002D2AFB /* ContentView.swift */,
				ADAF46442AB2CFF2002D2AFB /* SwiftUIAnimationApp.swift */,
				ADAF46482AB2CFF3002D2AFB /* Assets.xcassets */,
				ADAF464A2AB2CFF3002D2AFB /* Preview Content */,
			);
			path = SwiftUIAnimation;
			sourceTree = "<group>";
		};
		ADAF464A2AB2CFF3002D2AFB /* Preview Content */ = {
			isa = PBXGroup;
			children = (
				ADAF464B2AB2CFF3002D2AFB /* Preview Assets.xcassets */,
			);
			path = "Preview Content";
			sourceTree = "<group>";
		};
		ADAF46542AB30F44002D2AFB /* Animation */ = {
			isa = PBXGroup;
			children = (
				ADAF46522AB309E5002D2AFB /* ScaleEffectView.swift */,
			);
			path = Animation;
			sourceTree = "<group>";
		};
		ADAF46552AB30F4E002D2AFB /* Camera */ = {
			isa = PBXGroup;
			children = (
				ADAF46562AB30F68002D2AFB /* CameraView.swift */,
				ADAF46582AB31064002D2AFB /* ImagePicker.swift */,
				ADAF465A2AB3169C002D2AFB /* PhotoCaptureView.swift */,
			);
			path = Camera;
			sourceTree = "<group>";
		};
		ADAF465C2AB31924002D2AFB /* GroupData */ = {
			isa = PBXGroup;
			children = (
				ADAF465D2AB3194A002D2AFB /* GroceryCategory.swift */,
				ADAF465F2AB31AF4002D2AFB /* GroceryCategoryView.swift */,
				ADAF46612AB3345A002D2AFB /* GroceryCategoryDetailView.swift */,
			);
			path = GroupData;
			sourceTree = "<group>";
		};
/* End PBXGroup section */

/* Begin PBXNativeTarget section */
		ADAF46402AB2CFF2002D2AFB /* SwiftUIAnimation */ = {
			isa = PBXNativeTarget;
			buildConfigurationList = ADAF464F2AB2CFF3002D2AFB /* Build configuration list for PBXNativeTarget "SwiftUIAnimation" */;
			buildPhases = (
				ADAF463D2AB2CFF2002D2AFB /* Sources */,
				ADAF463E2AB2CFF2002D2AFB /* Frameworks */,
				ADAF463F2AB2CFF2002D2AFB /* Resources */,
			);
			buildRules = (
			);
			dependencies = (
			);
			name = SwiftUIAnimation;
			productName = SwiftUIAnimation;
			productReference = ADAF46412AB2CFF2002D2AFB /* SwiftUIAnimation.app */;
			productType = "com.apple.product-type.application";
		};
/* End PBXNativeTarget section */

/* Begin PBXProject section */
		ADAF46392AB2CFF2002D2AFB /* Project object */ = {
			isa = PBXProject;
			attributes = {
				BuildIndependentTargetsInParallel = 1;
				LastSwiftUpdateCheck = 1430;
				LastUpgradeCheck = 1430;
				TargetAttributes = {
					ADAF46402AB2CFF2002D2AFB = {
						CreatedOnToolsVersion = 14.3;
					};
				};
			};
			buildConfigurationList = ADAF463C2AB2CFF2002D2AFB /* Build configuration list for PBXProject "SwiftUIAnimation" */;
			compatibilityVersion = "Xcode 14.0";
			developmentRegion = en;
			hasScannedForEncodings = 0;
			knownRegions = (
				en,
				Base,
			);
			mainGroup = ADAF46382AB2CFF2002D2AFB;
			productRefGroup = ADAF46422AB2CFF2002D2AFB /* Products */;
			projectDirPath = "";
			projectRoot = "";
			targets = (
				ADAF46402AB2CFF2002D2AFB /* SwiftUIAnimation */,
			);
		};
/* End PBXProject section */

/* Begin PBXResourcesBuildPhase section */
		ADAF463F2AB2CFF2002D2AFB /* Resources */ = {
			isa = PBXResourcesBuildPhase;
			buildActionMask = 2147483647;
			files = (
				ADAF464C2AB2CFF3002D2AFB /* Preview Assets.xcassets in Resources */,
				ADAF46492AB2CFF3002D2AFB /* Assets.xcassets in Resources */,
			);
			runOnlyForDeploymentPostprocessing = 0;
		};
/* End PBXResourcesBuildPhase section */

/* Begin PBXSourcesBuildPhase section */
		ADAF463D2AB2CFF2002D2AFB /* Sources */ = {
			isa = PBXSourcesBuildPhase;
			buildActionMask = 2147483647;
			files = (
				ADAF46622AB3345A002D2AFB /* GroceryCategoryDetailView.swift in Sources */,
				ADAF46602AB31AF4002D2AFB /* GroceryCategoryView.swift in Sources */,
				ADAF465E2AB3194A002D2AFB /* GroceryCategory.swift in Sources */,
				ADAF46532AB309E5002D2AFB /* ScaleEffectView.swift in Sources */,
				ADAF46472AB2CFF2002D2AFB /* ContentView.swift in Sources */,
				ADAF465B2AB3169C002D2AFB /* PhotoCaptureView.swift in Sources */,
				ADAF46592AB31064002D2AFB /* ImagePicker.swift in Sources */,
				ADAF46452AB2CFF2002D2AFB /* SwiftUIAnimationApp.swift in Sources */,
				ADAF46572AB30F68002D2AFB /* CameraView.swift in Sources */,
			);
			runOnlyForDeploymentPostprocessing = 0;
		};
/* End PBXSourcesBuildPhase section */

/* Begin XCBuildConfiguration section */
		ADAF464D2AB2CFF3002D2AFB /* Debug */ = {
			isa = XCBuildConfiguration;
			buildSettings = {
				ALWAYS_SEARCH_USER_PATHS = NO;
				CLANG_ANALYZER_NONNULL = YES;
				CLANG_ANALYZER_NUMBER_OBJECT_CONVERSION = YES_AGGRESSIVE;
				CLANG_CXX_LANGUAGE_STANDARD = "gnu++20";
				CLANG_ENABLE_MODULES = YES;
				CLANG_ENABLE_OBJC_ARC = YES;
				CLANG_ENABLE_OBJC_WEAK = YES;
				CLANG_WARN_BLOCK_CAPTURE_AUTORELEASING = YES;
				CLANG_WARN_BOOL_CONVERSION = YES;
				CLANG_WARN_COMMA = YES;
				CLANG_WARN_CONSTANT_CONVERSION = YES;
				CLANG_WARN_DEPRECATED_OBJC_IMPLEMENTATIONS = YES;
				CLANG_WARN_DIRECT_OBJC_ISA_USAGE = YES_ERROR;
				CLANG_WARN_DOCUMENTATION_COMMENTS = YES;
				CLANG_WARN_EMPTY_BODY = YES;
				CLANG_WARN_ENUM_CONVERSION = YES;
				CLANG_WARN_INFINITE_RECURSION = YES;
				CLANG_WARN_INT_CONVERSION = YES;
				CLANG_WARN_NON_LITERAL_NULL_CONVERSION = YES;
				CLANG_WARN_OBJC_IMPLICIT_RETAIN_SELF = YES;
				CLANG_WARN_OBJC_LITERAL_CONVERSION = YES;
				CLANG_WARN_OBJC_ROOT_CLASS = YES_ERROR;
				CLANG_WARN_QUOTED_INCLUDE_IN_FRAMEWORK_HEADER = YES;
				CLANG_WARN_RANGE_LOOP_ANALYSIS = YES;
				CLANG_WARN_STRICT_PROTOTYPES = YES;
				CLANG_WARN_SUSPICIOUS_MOVE = YES;
				CLANG_WARN_UNGUARDED_AVAILABILITY = YES_AGGRESSIVE;
				CLANG_WARN_UNREACHABLE_CODE = YES;
				CLANG_WARN__DUPLICATE_METHOD_MATCH = YES;
				COPY_PHASE_STRIP = NO;
				DEBUG_INFORMATION_FORMAT = dwarf;
				ENABLE_STRICT_OBJC_MSGSEND = YES;
				ENABLE_TESTABILITY = YES;
				GCC_C_LANGUAGE_STANDARD = gnu11;
				GCC_DYNAMIC_NO_PIC = NO;
				GCC_NO_COMMON_BLOCKS = YES;
				GCC_OPTIMIZATION_LEVEL = 0;
				GCC_PREPROCESSOR_DEFINITIONS = (
					"DEBUG=1",
					"$(inherited)",
				);
				GCC_WARN_64_TO_32_BIT_CONVERSION = YES;
				GCC_WARN_ABOUT_RETURN_TYPE = YES_ERROR;
				GCC_WARN_UNDECLARED_SELECTOR = YES;
				GCC_WARN_UNINITIALIZED_AUTOS = YES_AGGRESSIVE;
				GCC_WARN_UNUSED_FUNCTION = YES;
				GCC_WARN_UNUSED_VARIABLE = YES;
				IPHONEOS_DEPLOYMENT_TARGET = 16.4;
				MTL_ENABLE_DEBUG_INFO = INCLUDE_SOURCE;
				MTL_FAST_MATH = YES;
				ONLY_ACTIVE_ARCH = YES;
				SDKROOT = iphoneos;
				SWIFT_ACTIVE_COMPILATION_CONDITIONS = DEBUG;
				SWIFT_OPTIMIZATION_LEVEL = "-Onone";
			};
			name = Debug;
		};
		ADAF464E2AB2CFF3002D2AFB /* Release */ = {
			isa = XCBuildConfiguration;
			buildSettings = {
				ALWAYS_SEARCH_USER_PATHS = NO;
				CLANG_ANALYZER_NONNULL = YES;
				CLANG_ANALYZER_NUMBER_OBJECT_CONVERSION = YES_AGGRESSIVE;
				CLANG_CXX_LANGUAGE_STANDARD = "gnu++20";
				CLANG_ENABLE_MODULES = YES;
				CLANG_ENABLE_OBJC_ARC = YES;
				CLANG_ENABLE_OBJC_WEAK = YES;
				CLANG_WARN_BLOCK_CAPTURE_AUTORELEASING = YES;
				CLANG_WARN_BOOL_CONVERSION = YES;
				CLANG_WARN_COMMA = YES;
				CLANG_WARN_CONSTANT_CONVERSION = YES;
				CLANG_WARN_DEPRECATED_OBJC_IMPLEMENTATIONS = YES;
				CLANG_WARN_DIRECT_OBJC_ISA_USAGE = YES_ERROR;
				CLANG_WARN_DOCUMENTATION_COMMENTS = YES;
				CLANG_WARN_EMPTY_BODY = YES;
				CLANG_WARN_ENUM_CONVERSION = YES;
				CLANG_WARN_INFINITE_RECURSION = YES;
				CLANG_WARN_INT_CONVERSION = YES;
				CLANG_WARN_NON_LITERAL_NULL_CONVERSION = YES;
				CLANG_WARN_OBJC_IMPLICIT_RETAIN_SELF = YES;
				CLANG_WARN_OBJC_LITERAL_CONVERSION = YES;
				CLANG_WARN_OBJC_ROOT_CLASS = YES_ERROR;
				CLANG_WARN_QUOTED_INCLUDE_IN_FRAMEWORK_HEADER = YES;
				CLANG_WARN_RANGE_LOOP_ANALYSIS = YES;
				CLANG_WARN_STRICT_PROTOTYPES = YES;
				CLANG_WARN_SUSPICIOUS_MOVE = YES;
				CLANG_WARN_UNGUARDED_AVAILABILITY = YES_AGGRESSIVE;
				CLANG_WARN_UNREACHABLE_CODE = YES;
				CLANG_WARN__DUPLICATE_METHOD_MATCH = YES;
				COPY_PHASE_STRIP = NO;
				DEBUG_INFORMATION_FORMAT = "dwarf-with-dsym";
				ENABLE_NS_ASSERTIONS = NO;
				ENABLE_STRICT_OBJC_MSGSEND = YES;
				GCC_C_LANGUAGE_STANDARD = gnu11;
				GCC_NO_COMMON_BLOCKS = YES;
				GCC_WARN_64_TO_32_BIT_CONVERSION = YES;
				GCC_WARN_ABOUT_RETURN_TYPE = YES_ERROR;
				GCC_WARN_UNDECLARED_SELECTOR = YES;
				GCC_WARN_UNINITIALIZED_AUTOS = YES_AGGRESSIVE;
				GCC_WARN_UNUSED_FUNCTION = YES;
				GCC_WARN_UNUSED_VARIABLE = YES;
				IPHONEOS_DEPLOYMENT_TARGET = 16.4;
				MTL_ENABLE_DEBUG_INFO = NO;
				MTL_FAST_MATH = YES;
				SDKROOT = iphoneos;
				SWIFT_COMPILATION_MODE = wholemodule;
				SWIFT_OPTIMIZATION_LEVEL = "-O";
				VALIDATE_PRODUCT = YES;
			};
			name = Release;
		};
		ADAF46502AB2CFF3002D2AFB /* Debug */ = {
			isa = XCBuildConfiguration;
			buildSettings = {
				ASSETCATALOG_COMPILER_APPICON_NAME = AppIcon;
				ASSETCATALOG_COMPILER_GLOBAL_ACCENT_COLOR_NAME = AccentColor;
				CODE_SIGN_STYLE = Automatic;
				CURRENT_PROJECT_VERSION = 1;
				DEVELOPMENT_ASSET_PATHS = "\"SwiftUIAnimation/Preview Content\"";
				ENABLE_PREVIEWS = YES;
				GENERATE_INFOPLIST_FILE = YES;
				INFOPLIST_KEY_UIApplicationSceneManifest_Generation = YES;
				INFOPLIST_KEY_UIApplicationSupportsIndirectInputEvents = YES;
				INFOPLIST_KEY_UILaunchScreen_Generation = YES;
				INFOPLIST_KEY_UISupportedInterfaceOrientations_iPad = "UIInterfaceOrientationPortrait UIInterfaceOrientationPortraitUpsideDown UIInterfaceOrientationLandscapeLeft UIInterfaceOrientationLandscapeRight";
				INFOPLIST_KEY_UISupportedInterfaceOrientations_iPhone = "UIInterfaceOrientationPortrait UIInterfaceOrientationLandscapeLeft UIInterfaceOrientationLandscapeRight";
				LD_RUNPATH_SEARCH_PATHS = (
					"$(inherited)",
					"@executable_path/Frameworks",
				);
				MARKETING_VERSION = 1.0;
				PRODUCT_BUNDLE_IDENTIFIER = SwiftUISample.SwiftUIAnimation;
				PRODUCT_NAME = "$(TARGET_NAME)";
				SWIFT_EMIT_LOC_STRINGS = YES;
				SWIFT_VERSION = 5.0;
				TARGETED_DEVICE_FAMILY = "1,2";
			};
			name = Debug;
		};
		ADAF46512AB2CFF3002D2AFB /* Release */ = {
			isa = XCBuildConfiguration;
			buildSettings = {
				ASSETCATALOG_COMPILER_APPICON_NAME = AppIcon;
				ASSETCATALOG_COMPILER_GLOBAL_ACCENT_COLOR_NAME = AccentColor;
				CODE_SIGN_STYLE = Automatic;
				CURRENT_PROJECT_VERSION = 1;
				DEVELOPMENT_ASSET_PATHS = "\"SwiftUIAnimation/Preview Content\"";
				ENABLE_PREVIEWS = YES;
				GENERATE_INFOPLIST_FILE = YES;
				INFOPLIST_KEY_UIApplicationSceneManifest_Generation = YES;
				INFOPLIST_KEY_UIApplicationSupportsIndirectInputEvents = YES;
				INFOPLIST_KEY_UILaunchScreen_Generation = YES;
				INFOPLIST_KEY_UISupportedInterfaceOrientations_iPad = "UIInterfaceOrientationPortrait UIInterfaceOrientationPortraitUpsideDown UIInterfaceOrientationLandscapeLeft UIInterfaceOrientationLandscapeRight";
				INFOPLIST_KEY_UISupportedInterfaceOrientations_iPhone = "UIInterfaceOrientationPortrait UIInterfaceOrientationLandscapeLeft UIInterfaceOrientationLandscapeRight";
				LD_RUNPATH_SEARCH_PATHS = (
					"$(inherited)",
					"@executable_path/Frameworks",
				);
				MARKETING_VERSION = 1.0;
				PRODUCT_BUNDLE_IDENTIFIER = SwiftUISample.SwiftUIAnimation;
				PRODUCT_NAME = "$(TARGET_NAME)";
				SWIFT_EMIT_LOC_STRINGS = YES;
				SWIFT_VERSION = 5.0;
				TARGETED_DEVICE_FAMILY = "1,2";
			};
			name = Release;
		};
/* End XCBuildConfiguration section */

/* Begin XCConfigurationList section */
		ADAF463C2AB2CFF2002D2AFB /* Build configuration list for PBXProject "SwiftUIAnimation" */ = {
			isa = XCConfigurationList;
			buildConfigurations = (
				ADAF464D2AB2CFF3002D2AFB /* Debug */,
				ADAF464E2AB2CFF3002D2AFB /* Release */,
			);
			defaultConfigurationIsVisible = 0;
			defaultConfigurationName = Release;
		};
		ADAF464F2AB2CFF3002D2AFB /* Build configuration list for PBXNativeTarget "SwiftUIAnimation" */ = {
			isa = XCConfigurationList;
			buildConfigurations = (
				ADAF46502AB2CFF3002D2AFB /* Debug */,
				ADAF46512AB2CFF3002D2AFB /* Release */,
			);
			defaultConfigurationIsVisible = 0;
			defaultConfigurationName = Release;
		};
/* End XCConfigurationList section */
	};
	rootObject = ADAF46392AB2CFF2002D2AFB /* Project object */;
}
